<?xml version="1.0" encoding="utf-8"?>
<Project ToolsVersion="4.0" xmlns="http://schemas.microsoft.com/developer/msbuild/2003">
  <ItemGroup>
    <Filter Include="소스 파일">
      <UniqueIdentifier>{4FC737F1-C7A5-4376-A066-2A32D752A2FF}</UniqueIdentifier>
      <Extensions>cpp;c;cc;cxx;c++;cppm;ixx;def;odl;idl;hpj;bat;asm;asmx</Extensions>
    </Filter>
    <Filter Include="헤더 파일">
      <UniqueIdentifier>{93995380-89BD-4b04-88EB-625FBE52EBFB}</UniqueIdentifier>
      <Extensions>h;hh;hpp;hxx;h++;hm;inl;inc;ipp;xsd</Extensions>
    </Filter>
  </ItemGroup>
  <ItemGroup>
    <None Include="AEX_Engine\Components\readme.md" />
    <None Include="AEX_Engine\cpp.hint" />
    <None Include="AEX_Engine\GO\GameObject.inl">
      <Filter>헤더 파일</Filter>
    </None>
    <None Include="AEX_Engine\Components\ComponentManager.inl">
      <Filter>헤더 파일</Filter>
    </None>
  </ItemGroup>
  <ItemGroup>
    <ClCompile Include="AEX_Engine\Serializer\Serializer.cpp">
      <Filter>헤더 파일</Filter>
    </ClCompile>
    <ClCompile Include="AEX_Engine\RTTI\Registry.cpp">
      <Filter>헤더 파일</Filter>
    </ClCompile>
    <ClCompile Include="AEX_Engine\RM\AudioResourceComp.cpp">
      <Filter>헤더 파일</Filter>
    </ClCompile>
    <ClCompile Include="AEX_Engine\RM\TextureResourceComp.cpp">
      <Filter>헤더 파일</Filter>
    </ClCompile>
    <ClCompile Include="AEX_Engine\GSM\GameStateManager.cpp">
      <Filter>헤더 파일</Filter>
    </ClCompile>
    <ClCompile Include="AEX_Engine\GSM\GoalLevel.cpp">
      <Filter>헤더 파일</Filter>
    </ClCompile>
    <ClCompile Include="AEX_Engine\GSM\Main.cpp">
      <Filter>헤더 파일</Filter>
    </ClCompile>
    <ClCompile Include="AEX_Engine\GSM\MainMenu.cpp">
      <Filter>헤더 파일</Filter>
    </ClCompile>
    <ClCompile Include="AEX_Engine\GO\GameObject.cpp">
      <Filter>헤더 파일</Filter>
    </ClCompile>
    <ClCompile Include="AEX_Engine\EM\EventManager.cpp">
      <Filter>헤더 파일</Filter>
    </ClCompile>
    <ClCompile Include="AEX_Engine\Components\AudioComponent.cpp">
      <Filter>헤더 파일</Filter>
    </ClCompile>
    <ClCompile Include="AEX_Engine\Components\EngineComponent.cpp">
      <Filter>헤더 파일</Filter>
    </ClCompile>
    <ClCompile Include="AEX_Engine\Components\GraphicsComponent.cpp">
      <Filter>헤더 파일</Filter>
    </ClCompile>
    <ClCompile Include="AEX_Engine\Components\LogicComponent.cpp">
      <Filter>헤더 파일</Filter>
    </ClCompile>
    <ClCompile Include="AEX_Engine\Components\PlayerComp.cpp">
      <Filter>헤더 파일</Filter>
    </ClCompile>
    <ClCompile Include="AEX_Engine\Components\Rigidbody.cpp">
      <Filter>헤더 파일</Filter>
    </ClCompile>
    <ClCompile Include="AEX_Engine\Components\SpriteComponent.cpp">
      <Filter>헤더 파일</Filter>
    </ClCompile>
    <ClCompile Include="AEX_Engine\Components\TransformComp.cpp">
      <Filter>헤더 파일</Filter>
    </ClCompile>
    <ClCompile Include="AEX_Engine\Components\Test\TestComponent.cpp">
      <Filter>헤더 파일</Filter>
    </ClCompile>
    <ClCompile Include="AEX_Engine\Components\Test\TestFunc.cpp">
      <Filter>헤더 파일</Filter>
    </ClCompile>
    <ClCompile Include="AEX_Engine\Components\Collision\Calculate.cpp">
      <Filter>헤더 파일</Filter>
    </ClCompile>
    <ClCompile Include="AEX_Engine\Components\Collision\OnTrigger.cpp">
      <Filter>헤더 파일</Filter>
    </ClCompile>
    <ClCompile Include="AEX_Engine\GO\GameObjectManager.cpp">
      <Filter>소스 파일</Filter>
    </ClCompile>
    <ClCompile Include="AEX_Engine\RM\ResourceManager.cpp">
      <Filter>소스 파일</Filter>
    </ClCompile>
    <ClCompile Include="AEX_Engine\Components\PlayerComp2.cpp">
      <Filter>소스 파일</Filter>
    </ClCompile>
    <ClCompile Include="AEX_Engine\Components\BallComp.cpp">
      <Filter>소스 파일</Filter>
    </ClCompile>
  </ItemGroup>
  <ItemGroup>
    <ClInclude Include="AEX_Engine\Serializer\Serializer.h">
      <Filter>헤더 파일</Filter>
    </ClInclude>
    <ClInclude Include="AEX_Engine\RTTI\BaseRTTI.h">
      <Filter>헤더 파일</Filter>
    </ClInclude>
    <ClInclude Include="AEX_Engine\RTTI\Registry.h">
      <Filter>헤더 파일</Filter>
    </ClInclude>
    <ClInclude Include="AEX_Engine\RM\AudioResourceComp.h">
      <Filter>헤더 파일</Filter>
    </ClInclude>
    <ClInclude Include="AEX_Engine\RM\Resource.h">
      <Filter>헤더 파일</Filter>
    </ClInclude>
    <ClInclude Include="AEX_Engine\RM\ResourceManager.h">
      <Filter>헤더 파일</Filter>
    </ClInclude>
    <ClInclude Include="AEX_Engine\RM\TextureResourceComp.h">
      <Filter>헤더 파일</Filter>
    </ClInclude>
    <ClInclude Include="AEX_Engine\GSM\BaseLevel.hpp">
      <Filter>헤더 파일</Filter>
    </ClInclude>
    <ClInclude Include="AEX_Engine\GSM\GameStateManager.hpp">
      <Filter>헤더 파일</Filter>
    </ClInclude>
    <ClInclude Include="AEX_Engine\GSM\GoalLevel.hpp">
      <Filter>헤더 파일</Filter>
    </ClInclude>
    <ClInclude Include="AEX_Engine\GSM\MainMenu.hpp">
      <Filter>헤더 파일</Filter>
    </ClInclude>
    <ClInclude Include="AEX_Engine\GO\GameObject.h">
      <Filter>헤더 파일</Filter>
    </ClInclude>
    <ClInclude Include="AEX_Engine\GO\GameObjectManager.h">
      <Filter>헤더 파일</Filter>
    </ClInclude>
    <ClInclude Include="AEX_Engine\EM\EventManager.h">
      <Filter>헤더 파일</Filter>
    </ClInclude>
    <ClInclude Include="AEX_Engine\Components\AudioComponent.h">
      <Filter>헤더 파일</Filter>
    </ClInclude>
    <ClInclude Include="AEX_Engine\Components\BaseComponent.h">
      <Filter>헤더 파일</Filter>
    </ClInclude>
    <ClInclude Include="AEX_Engine\Components\BallComp.h">
      <Filter>헤더 파일</Filter>
    </ClInclude>
    <ClInclude Include="AEX_Engine\Components\EngineComponent.h">
      <Filter>헤더 파일</Filter>
    </ClInclude>
    <ClInclude Include="AEX_Engine\Components\GraphicsComponent.h">
      <Filter>헤더 파일</Filter>
    </ClInclude>
    <ClInclude Include="AEX_Engine\Components\GraphicsManager.h">
      <Filter>헤더 파일</Filter>
    </ClInclude>
    <ClInclude Include="AEX_Engine\Components\LogicComponent.h">
      <Filter>헤더 파일</Filter>
    </ClInclude>
    <ClInclude Include="AEX_Engine\Components\LogicManager.h">
      <Filter>헤더 파일</Filter>
    </ClInclude>
    <ClInclude Include="AEX_Engine\Components\ComponentManager.h">
      <Filter>헤더 파일</Filter>
    </ClInclude>
    <ClInclude Include="AEX_Engine\Components\ManagerTemplate.h">
      <Filter>헤더 파일</Filter>
    </ClInclude>
    <ClInclude Include="AEX_Engine\Components\PlayerComp.h">
      <Filter>헤더 파일</Filter>
    </ClInclude>
    <ClInclude Include="AEX_Engine\Components\Rigidbody.h">
      <Filter>헤더 파일</Filter>
    </ClInclude>
    <ClInclude Include="AEX_Engine\Components\SpriteComponent.h">
      <Filter>헤더 파일</Filter>
    </ClInclude>
    <ClInclude Include="AEX_Engine\Components\TransformComp.h">
      <Filter>헤더 파일</Filter>
    </ClInclude>
    <ClInclude Include="AEX_Engine\Components\Test\TestComponent.h">
      <Filter>헤더 파일</Filter>
    </ClInclude>
    <ClInclude Include="AEX_Engine\Components\Test\TestFunc.h">
      <Filter>헤더 파일</Filter>
    </ClInclude>
    <ClInclude Include="AEX_Engine\Components\Collision\Calculate.h">
      <Filter>헤더 파일</Filter>
    </ClInclude>
    <ClInclude Include="AEX_Engine\Components\Collision\Collision.h">
      <Filter>헤더 파일</Filter>
    </ClInclude>
    <ClInclude Include="AEX_Engine\Components\Collision\OnTrigger.h">
      <Filter>헤더 파일</Filter>
    </ClInclude>
    <ClInclude Include="AEX_Engine\Components\Collision\Shape.h">
      <Filter>헤더 파일</Filter>
    </ClInclude>
    <ClInclude Include="Extern\Json\json.hpp">
      <Filter>헤더 파일</Filter>
    </ClInclude>
    <ClInclude Include="Extern\Json\json_fwd.hpp">
      <Filter>헤더 파일</Filter>
    </ClInclude>
    <ClInclude Include="AEX_Engine\Components\PlayerComp2.h">
      <Filter>헤더 파일</Filter>
    </ClInclude>
  </ItemGroup>
</Project>